<?xml version="1.0" encoding="utf-8"?>
<Project ToolsVersion="4.0" xmlns="http://schemas.microsoft.com/developer/msbuild/2003">
  <ItemGroup>
    <Filter Include="Source Files">
      <UniqueIdentifier>{4FC737F1-C7A5-4376-A066-2A32D752A2FF}</UniqueIdentifier>
      <Extensions>cpp;c;cc;cxx;c++;cppm;ixx;def;odl;idl;hpj;bat;asm;asmx</Extensions>
    </Filter>
    <Filter Include="Header Files">
      <UniqueIdentifier>{93995380-89BD-4b04-88EB-625FBE52EBFB}</UniqueIdentifier>
      <Extensions>h;hh;hpp;hxx;h++;hm;inl;inc;ipp;xsd</Extensions>
    </Filter>
    <Filter Include="Resource Files">
      <UniqueIdentifier>{67DA6AB6-F800-4c08-8B7A-83BB121AAD01}</UniqueIdentifier>
      <Extensions>rc;ico;cur;bmp;dlg;rc2;rct;bin;rgs;gif;jpg;jpeg;jpe;resx;tiff;tif;png;wav;mfcribbon-ms</Extensions>
    </Filter>
    <Filter Include="Source Files\Programmers">
      <UniqueIdentifier>{6a042a75-7137-4384-9733-4514e8673354}</UniqueIdentifier>
    </Filter>
    <Filter Include="Source Files\Weekdays">
      <UniqueIdentifier>{3a58c5e1-7905-451e-bfcb-c63ebfc6ecbf}</UniqueIdentifier>
    </Filter>
    <Filter Include="Source Files\Baekjoon">
      <UniqueIdentifier>{5ac733e6-e568-4b6b-adb4-84c096e55cd5}</UniqueIdentifier>
    </Filter>
    <Filter Include="Source Files\Baekjoon\DP">
      <UniqueIdentifier>{e002bbc8-d48a-4965-9ed5-7e7cd00abcaa}</UniqueIdentifier>
    </Filter>
    <Filter Include="Source Files\Baekjoon\Graph">
      <UniqueIdentifier>{323d382f-a723-4d2c-815b-6f37cf6f278e}</UniqueIdentifier>
    </Filter>
    <Filter Include="Source Files\Baekjoon\Sort">
      <UniqueIdentifier>{3da48aa2-1c98-4a7e-9b28-eaf3e870977d}</UniqueIdentifier>
    </Filter>
    <Filter Include="Source Files\Baekjoon\Permutation">
      <UniqueIdentifier>{8f6763d1-e3e1-4e9f-ab84-b2385f9ee46d}</UniqueIdentifier>
    </Filter>
  </ItemGroup>
  <ItemGroup>
    <ClCompile Include="Programmers\Level2_기능개발.cpp">
      <Filter>Source Files\Programmers</Filter>
    </ClCompile>
    <ClCompile Include="Programmers\Level2_올바른괄호.cpp">
      <Filter>Source Files\Programmers</Filter>
    </ClCompile>
    <ClCompile Include="Programmers\Level2_전화번호목록(못풀).cpp">
      <Filter>Source Files\Programmers</Filter>
    </ClCompile>
    <ClCompile Include="Programmers\Level2_프린터.cpp">
      <Filter>Source Files\Programmers</Filter>
    </ClCompile>
    <ClCompile Include="Weekdays\EA코리아_이진트리.cpp">
      <Filter>Source Files\Weekdays</Filter>
    </ClCompile>
    <ClCompile Include="Weekdays\RLE.cpp">
      <Filter>Source Files\Weekdays</Filter>
    </ClCompile>
    <ClCompile Include="Weekdays\전차로GO.cpp">
      <Filter>Source Files\Weekdays</Filter>
    </ClCompile>
    <ClCompile Include="Weekdays\조이시티_지그재그(못풀).cpp">
      <Filter>Source Files\Weekdays</Filter>
    </ClCompile>
    <ClCompile Include="Weekdays\조이시티_창구.cpp">
      <Filter>Source Files\Weekdays</Filter>
    </ClCompile>
    <ClCompile Include="Weekdays\질병통제예방센터.cpp">
      <Filter>Source Files\Weekdays</Filter>
    </ClCompile>
    <ClCompile Include="Weekdays\총잡이배치.cpp">
      <Filter>Source Files\Weekdays</Filter>
    </ClCompile>
    <ClCompile Include="Baekjoon\Gold5_17070_파이프옮기기1.cpp">
      <Filter>Source Files\Baekjoon</Filter>
    </ClCompile>
    <ClCompile Include="Baekjoon\Platinum5_8111_0과1(못풀).cpp">
      <Filter>Source Files\Baekjoon</Filter>
    </ClCompile>
    <ClCompile Include="Baekjoon\DynamicProgramming\Gold5_2212_센서(다시풀것).cpp">
      <Filter>Source Files\Baekjoon\DP</Filter>
    </ClCompile>
    <ClCompile Include="Baekjoon\DynamicProgramming\Gold3_1520_내리막길%28다시풀것%29.cpp">
      <Filter>Source Files\Baekjoon\DP</Filter>
    </ClCompile>
    <ClCompile Include="Baekjoon\DynamicProgramming\Gold4_2133_타일채우기%28다시풀것%29.cpp">
      <Filter>Source Files\Baekjoon\DP</Filter>
    </ClCompile>
    <ClCompile Include="Baekjoon\DynamicProgramming\Gold5_2225_합분해.cpp">
      <Filter>Source Files\Baekjoon\DP</Filter>
    </ClCompile>
    <ClCompile Include="Baekjoon\DynamicProgramming\Gold5_2293_동전1(다시 풀것).cpp">
      <Filter>Source Files\Baekjoon\DP</Filter>
    </ClCompile>
    <ClCompile Include="Baekjoon\DynamicProgramming\Gold5_2294_동전2(다시 풀것).cpp">
      <Filter>Source Files\Baekjoon\DP</Filter>
    </ClCompile>
    <ClCompile Include="Baekjoon\DynamicProgramming\Gold5_13164_행복유치원.cpp">
      <Filter>Source Files\Baekjoon\DP</Filter>
    </ClCompile>
    <ClCompile Include="Baekjoon\DynamicProgramming\Silver1_1149_RGB거리.cpp">
      <Filter>Source Files\Baekjoon\DP</Filter>
    </ClCompile>
    <ClCompile Include="Baekjoon\DynamicProgramming\Silver1_1309_동물원.cpp">
      <Filter>Source Files\Baekjoon\DP</Filter>
    </ClCompile>
    <ClCompile Include="Baekjoon\DynamicProgramming\Silver1_1890_점프.cpp">
      <Filter>Source Files\Baekjoon\DP</Filter>
    </ClCompile>
    <ClCompile Include="Baekjoon\DynamicProgramming\Silver1_2302_극장좌석.cpp">
      <Filter>Source Files\Baekjoon\DP</Filter>
    </ClCompile>
    <ClCompile Include="Baekjoon\DynamicProgramming\Silver1_9465_스티커.cpp">
      <Filter>Source Files\Baekjoon\DP</Filter>
    </ClCompile>
    <ClCompile Include="Baekjoon\DynamicProgramming\Silver1_10844_쉬운계단수(다시 풀것).cpp">
      <Filter>Source Files\Baekjoon\DP</Filter>
    </ClCompile>
    <ClCompile Include="Baekjoon\DynamicProgramming\Silver1_11057_오르막수.cpp">
      <Filter>Source Files\Baekjoon\DP</Filter>
    </ClCompile>
    <ClCompile Include="Baekjoon\DynamicProgramming\Silver2_1965_상자넣기.cpp">
      <Filter>Source Files\Baekjoon\DP</Filter>
    </ClCompile>
    <ClCompile Include="Baekjoon\DynamicProgramming\Silver2_11048_이동하기.cpp">
      <Filter>Source Files\Baekjoon\DP</Filter>
    </ClCompile>
    <ClCompile Include="Baekjoon\DynamicProgramming\Silver3_1463_1로만들기.cpp">
      <Filter>Source Files\Baekjoon\DP</Filter>
    </ClCompile>
    <ClCompile Include="Baekjoon\DynamicProgramming\Silver3_2579_계단오르기.cpp">
      <Filter>Source Files\Baekjoon\DP</Filter>
    </ClCompile>
    <ClCompile Include="Baekjoon\DynamicProgramming\Silver3_9461_파도반수열.cpp">
      <Filter>Source Files\Baekjoon\DP</Filter>
    </ClCompile>
    <ClCompile Include="Baekjoon\DynamicProgramming\Silver2_11053_가장긴증가하는부분수열.cpp">
      <Filter>Source Files\Baekjoon\DP</Filter>
    </ClCompile>
    <ClCompile Include="Baekjoon\DynamicProgramming\Silver1_11052_카드구매하기.cpp">
      <Filter>Source Files\Baekjoon\DP</Filter>
    </ClCompile>
    <ClCompile Include="Baekjoon\DynamicProgramming\Silver2_1699_제곱수의합.cpp">
      <Filter>Source Files\Baekjoon\DP</Filter>
    </ClCompile>
    <ClCompile Include="Baekjoon\DynamicProgramming\Gold5_20437_문자열게임2.cpp">
      <Filter>Source Files\Baekjoon</Filter>
    </ClCompile>
    <ClCompile Include="Baekjoon\Graph\Gold4_4485_녹색옷입은애가젤다지.cpp">
      <Filter>Source Files\Baekjoon\Graph</Filter>
    </ClCompile>
    <ClCompile Include="Baekjoon\Graph\Silver2_1260_DFS와BFS%28못풀%29.cpp">
      <Filter>Source Files\Baekjoon\Graph</Filter>
    </ClCompile>
    <ClCompile Include="Baekjoon\Sort\Silver1_1911_흙길보수하기.cpp">
      <Filter>Source Files\Baekjoon\Sort</Filter>
    </ClCompile>
    <ClCompile Include="Baekjoon\Graph\Gold5_2668_숫자고르기.cpp">
      <Filter>Source Files\Baekjoon\Graph</Filter>
    </ClCompile>
    <ClCompile Include="Baekjoon\Permutation\Silver2_10971_외판원순회2%28다시풀것%29.cpp">
      <Filter>Source Files\Baekjoon\Permutation</Filter>
    </ClCompile>
    <ClCompile Include="Baekjoon\Permutation\Silver1_1931_회의실배정.cpp">
      <Filter>Source Files\Baekjoon\Permutation</Filter>
    </ClCompile>
  </ItemGroup>
</Project>